{
  "name": "webpack",
  "version": "1.0.0",
  "lockfileVersion": 2,
  "requires": true,
  "packages": {
    "": {
      "name": "webpack",
      "version": "1.0.0",
      "license": "ISC",
      "dependencies": {
        "@100mslive/hms-video-store": "^0.3.4"
      }
    },
    "node_modules/@100mslive/hms-video": {
      "version": "0.2.4",
      "resolved": "https://registry.npmjs.org/@100mslive/hms-video/-/hms-video-0.2.4.tgz",
      "integrity": "sha512-nU/OZQTntRPWMyp8PpYskzlDJuJ8W/KBk1v4gedv2lOZBpYe2mM1xsCV1y02yD3cxe3k7BWLClSccLOnVrYu3w==",
      "dependencies": {
        "eventemitter2": "^6.4.5",
        "sdp-transform": "^2.14.1",
        "ua-parser-js": "^1.0.1",
        "uuid": "^8.3.2",
        "webrtc-adapter": "^8.0.0"
      },
      "engines": {
        "node": ">=10"
      }
    },
    "node_modules/@100mslive/hms-video-store": {
      "version": "0.3.4",
      "resolved": "https://registry.npmjs.org/@100mslive/hms-video-store/-/hms-video-store-0.3.4.tgz",
      "integrity": "sha512-x8vMnjzGGWuqRnIGrUuG9g8xLdKCh1gRUB2YCk802LP95AgIUTXv1WKEiBAxaMHnOIfQKTcL4y5QBdi3uDQfFA==",
      "dependencies": {
        "@100mslive/hms-video": "0.2.4",
        "eventemitter2": "^6.4.5",
        "immer": "^9.0.6",
        "reselect": "4.0.0",
        "zustand": "3.5.7"
      },
      "engines": {
        "node": ">=12"
      }
    },
    "node_modules/eventemitter2": {
      "version": "6.4.6",
      "resolved": "https://registry.npmjs.org/eventemitter2/-/eventemitter2-6.4.6.tgz",
      "integrity": "sha512-OHqo4wbHX5VbvlbB6o6eDwhYmiTjrpWACjF8Pmof/GTD6rdBNdZFNck3xlhqOiQFGCOoq3uzHvA0cQpFHIGVAQ=="
    },
    "node_modules/immer": {
      "version": "9.0.15",
      "resolved": "https://registry.npmjs.org/immer/-/immer-9.0.15.tgz",
      "integrity": "sha512-2eB/sswms9AEUSkOm4SbV5Y7Vmt/bKRwByd52jfLkW4OLYeaTP3EEiJ9agqU0O/tq6Dk62Zfj+TJSqfm1rLVGQ==",
      "funding": {
        "type": "opencollective",
        "url": "https://opencollective.com/immer"
      }
    },
    "node_modules/reselect": {
      "version": "4.0.0",
      "resolved": "https://registry.npmjs.org/reselect/-/reselect-4.0.0.tgz",
      "integrity": "sha512-qUgANli03jjAyGlnbYVAV5vvnOmJnODyABz51RdBN7M4WaVu8mecZWgyQNkG8Yqe3KRGRt0l4K4B3XVEULC4CA=="
    },
    "node_modules/sdp": {
      "version": "3.0.3",
      "resolved": "https://registry.npmjs.org/sdp/-/sdp-3.0.3.tgz",
      "integrity": "sha512-8EkfckS+XZQaPLyChu4ey7PghrdcraCVNpJe2Gfdi2ON1ylQ7OasuKX+b37R9slnRChwIAiQgt+oj8xXGD8x+A=="
    },
    "node_modules/sdp-transform": {
      "version": "2.14.1",
      "resolved": "https://registry.npmjs.org/sdp-transform/-/sdp-transform-2.14.1.tgz",
      "integrity": "sha512-RjZyX3nVwJyCuTo5tGPx+PZWkDMCg7oOLpSlhjDdZfwUoNqG1mM8nyj31IGHyaPWXhjbP7cdK3qZ2bmkJ1GzRw==",
      "bin": {
        "sdp-verify": "checker.js"
      }
    },
    "node_modules/ua-parser-js": {
      "version": "1.0.2",
      "resolved": "https://registry.npmjs.org/ua-parser-js/-/ua-parser-js-1.0.2.tgz",
      "integrity": "sha512-00y/AXhx0/SsnI51fTc0rLRmafiGOM4/O+ny10Ps7f+j/b8p/ZY11ytMgznXkOVo4GQ+KwQG5UQLkLGirsACRg==",
      "funding": [
        {
          "type": "opencollective",
          "url": "https://opencollective.com/ua-parser-js"
        },
        {
          "type": "paypal",
          "url": "https://paypal.me/faisalman"
        }
      ],
      "engines": {
        "node": "*"
      }
    },
    "node_modules/uuid": {
      "version": "8.3.2",
      "resolved": "https://registry.npmjs.org/uuid/-/uuid-8.3.2.tgz",
      "integrity": "sha512-+NYs2QeMWy+GWFOEm9xnn6HCDp0l7QBD7ml8zLUmJ+93Q5NF0NocErnwkTkXVFNiX3/fpC6afS8Dhb/gz7R7eg==",
      "bin": {
        "uuid": "dist/bin/uuid"
      }
    },
    "node_modules/webrtc-adapter": {
      "version": "8.1.1",
      "resolved": "https://registry.npmjs.org/webrtc-adapter/-/webrtc-adapter-8.1.1.tgz",
      "integrity": "sha512-1yXevP7TeZGmklEXkvQVrZp3fOSJlLeXNGCA7NovQokxgP3/e2T3EVGL0eKU87S9vKppWjvRWqnJeSANEspOBg==",
      "dependencies": {
        "sdp": "^3.0.2"
      },
      "engines": {
        "node": ">=6.0.0",
        "npm": ">=3.10.0"
      }
    },
    "node_modules/zustand": {
      "version": "3.5.7",
      "resolved": "https://registry.npmjs.org/zustand/-/zustand-3.5.7.tgz",
      "integrity": "sha512-DlVFXJavIHyXTOGz6dB+8QHZsPyJcGJSEBtlp2Ivmd5SwtlCnhPo3L8LB6YRfAOJC2PbqzgoD8NMjk+y+vIF0g==",
      "peerDependencies": {
        "react": ">=16.8"
      },
      "peerDependenciesMeta": {
        "react": {
          "optional": true
        }
      }
    }
  },
  "dependencies": {
    "@100mslive/hms-video": {
      "version": "0.2.4",
      "resolved": "https://registry.npmjs.org/@100mslive/hms-video/-/hms-video-0.2.4.tgz",
      "integrity": "sha512-nU/OZQTntRPWMyp8PpYskzlDJuJ8W/KBk1v4gedv2lOZBpYe2mM1xsCV1y02yD3cxe3k7BWLClSccLOnVrYu3w==",
      "requires": {
        "eventemitter2": "^6.4.5",
        "sdp-transform": "^2.14.1",
        "ua-parser-js": "^1.0.1",
        "uuid": "^8.3.2",
        "webrtc-adapter": "^8.0.0"
      }
    },
    "@100mslive/hms-video-store": {
      "version": "0.3.4",
      "resolved": "https://registry.npmjs.org/@100mslive/hms-video-store/-/hms-video-store-0.3.4.tgz",
      "integrity": "sha512-x8vMnjzGGWuqRnIGrUuG9g8xLdKCh1gRUB2YCk802LP95AgIUTXv1WKEiBAxaMHnOIfQKTcL4y5QBdi3uDQfFA==",
      "requires": {
        "@100mslive/hms-video": "0.2.4",
        "eventemitter2": "^6.4.5",
        "immer": "^9.0.6",
        "reselect": "4.0.0",
        "zustand": "3.5.7"
      }
    },
    "eventemitter2": {
      "version": "6.4.6",
      "resolved": "https://registry.npmjs.org/eventemitter2/-/eventemitter2-6.4.6.tgz",
      "integrity": "sha512-OHqo4wbHX5VbvlbB6o6eDwhYmiTjrpWACjF8Pmof/GTD6rdBNdZFNck3xlhqOiQFGCOoq3uzHvA0cQpFHIGVAQ=="
    },
    "immer": {
      "version": "9.0.15",
      "resolved": "https://registry.npmjs.org/immer/-/immer-9.0.15.tgz",
      "integrity": "sha512-2eB/sswms9AEUSkOm4SbV5Y7Vmt/bKRwByd52jfLkW4OLYeaTP3EEiJ9agqU0O/tq6Dk62Zfj+TJSqfm1rLVGQ=="
    },
    "reselect": {
      "version": "4.0.0",
      "resolved": "https://registry.npmjs.org/reselect/-/reselect-4.0.0.tgz",
      "integrity": "sha512-qUgANli03jjAyGlnbYVAV5vvnOmJnODyABz51RdBN7M4WaVu8mecZWgyQNkG8Yqe3KRGRt0l4K4B3XVEULC4CA=="
    },
    "sdp": {
      "version": "3.0.3",
      "resolved": "https://registry.npmjs.org/sdp/-/sdp-3.0.3.tgz",
      "integrity": "sha512-8EkfckS+XZQaPLyChu4ey7PghrdcraCVNpJe2Gfdi2ON1ylQ7OasuKX+b37R9slnRChwIAiQgt+oj8xXGD8x+A=="
    },
    "sdp-transform": {
      "version": "2.14.1",
      "resolved": "https://registry.npmjs.org/sdp-transform/-/sdp-transform-2.14.1.tgz",
      "integrity": "sha512-RjZyX3nVwJyCuTo5tGPx+PZWkDMCg7oOLpSlhjDdZfwUoNqG1mM8nyj31IGHyaPWXhjbP7cdK3qZ2bmkJ1GzRw=="
    },
    "ua-parser-js": {
      "version": "1.0.2",
      "resolved": "https://registry.npmjs.org/ua-parser-js/-/ua-parser-js-1.0.2.tgz",
      "integrity": "sha512-00y/AXhx0/SsnI51fTc0rLRmafiGOM4/O+ny10Ps7f+j/b8p/ZY11ytMgznXkOVo4GQ+KwQG5UQLkLGirsACRg=="
    },
    "uuid": {
      "version": "8.3.2",
      "resolved": "https://registry.npmjs.org/uuid/-/uuid-8.3.2.tgz",
      "integrity": "sha512-+NYs2QeMWy+GWFOEm9xnn6HCDp0l7QBD7ml8zLUmJ+93Q5NF0NocErnwkTkXVFNiX3/fpC6afS8Dhb/gz7R7eg=="
    },
    "webrtc-adapter": {
      "version": "8.1.1",
      "resolved": "https://registry.npmjs.org/webrtc-adapter/-/webrtc-adapter-8.1.1.tgz",
      "integrity": "sha512-1yXevP7TeZGmklEXkvQVrZp3fOSJlLeXNGCA7NovQokxgP3/e2T3EVGL0eKU87S9vKppWjvRWqnJeSANEspOBg==",
      "requires": {
        "sdp": "^3.0.2"
      }
    },
    "zustand": {
      "version": "3.5.7",
      "resolved": "https://registry.npmjs.org/zustand/-/zustand-3.5.7.tgz",
      "integrity": "sha512-DlVFXJavIHyXTOGz6dB+8QHZsPyJcGJSEBtlp2Ivmd5SwtlCnhPo3L8LB6YRfAOJC2PbqzgoD8NMjk+y+vIF0g==",
      "requires": {}
    }
  }
}
